{
  "requires": true,
  "lockfileVersion": 1,
  "dependencies": {
    "@babel/runtime": {
      "version": "7.12.5",
      "resolved": "https://registry.npmjs.org/@babel/runtime/-/runtime-7.12.5.tgz",
      "integrity": "sha512-plcc+hbExy3McchJCEQG3knOsuh3HH+Prx1P6cLIkET/0dLuQDEnrT+s27Axgc9bqfsmNUNHfscgMUdBpC9xfg==",
      "requires": {
        "regenerator-runtime": "^0.13.4"
      }
    },
    "@popperjs/core": {
      "version": "2.5.4",
      "resolved": "https://registry.npmjs.org/@popperjs/core/-/core-2.5.4.tgz",
      "integrity": "sha512-ZpKr+WTb8zsajqgDkvCEWgp6d5eJT6Q63Ng2neTbzBO76Lbe91vX/iVIW9dikq+Fs3yEo+ls4cxeXABD2LtcbQ=="
    },
    "@vant/icons": {
      "version": "1.4.0",
      "resolved": "https://registry.npmjs.org/@vant/icons/-/icons-1.4.0.tgz",
      "integrity": "sha512-96k+x00FqdGAQeTWrHEJ6C+QNifPQu58W9mv8pJAQ7VQ527KV9GHQT7m2TT+PhHXejDENYhlpW/XWOB66j8r8w=="
    },
    "@vant/lazyload": {
      "version": "1.0.2",
      "resolved": "https://registry.npmjs.org/@vant/lazyload/-/lazyload-1.0.2.tgz",
      "integrity": "sha512-v8q+M59R6J+H2l544zD/Uz+LNWwcIFsbIX+gprBK/O6qLjl4l9IxDW1gjZc7xOz/aMequZ9ACIHOa9wXStupow=="
    },
    "@vant/popperjs": {
      "version": "1.0.2",
      "resolved": "https://registry.npmjs.org/@vant/popperjs/-/popperjs-1.0.2.tgz",
      "integrity": "sha512-CA2BgoQwlfm5OEmIuTnYNWaeCAcEhFFyVDg+irunZAWff+jV5TkAuDPpCWrIGYoVs99hwBDiRzzEAFybhlml2A==",
      "requires": {
        "@popperjs/core": "^2.5.4"
      }
    },
    "@vant/use": {
      "version": "0.1.0",
      "resolved": "https://registry.npmjs.org/@vant/use/-/use-0.1.0.tgz",
      "integrity": "sha512-INLOc5l5sI4Zpdd0ayf6IlaDe48m1/OTtKjkkOIW9Hl5xgLQX+aycgDmOof6nwUtNaln8IbkxXpvx6ggxVJCxA=="
    },
    "regenerator-runtime": {
      "version": "0.13.7",
      "resolved": "https://registry.npmjs.org/regenerator-runtime/-/regenerator-runtime-0.13.7.tgz",
      "integrity": "sha512-a54FxoJDIr27pgf7IgeQGxmqUNYrcV338lf/6gH456HZ/PhX+5BcwHXG9ajESmwe6WRO0tAzRUrRmNONWgkrew=="
    },
    "vant": {
      "version": "3.0.0-rc.3",
      "resolved": "https://registry.npmjs.org/vant/-/vant-3.0.0-rc.3.tgz",
      "integrity": "sha512-05VQFLHl5VRMXKpsw9brMk06XaBE4OiUgk/VdAmNFtILZUHgYHKQ64odOEdtRoHc4gU3dIDhbqPiuIiS3+dn6Q==",
      "requires": {
        "@babel/runtime": "7.x",
        "@vant/icons": "^1.4.0",
        "@vant/lazyload": "^1.0.2",
        "@vant/popperjs": "^1.0.2",
        "@vant/use": "^0.1.0"
      }
    }
  }
}
